// !$*UTF8*$!
{
	archiveVersion = 1;
	classes = {
	};
	objectVersion = 46;
	objects = {

/* Begin PBXBuildFile section */
		3A1E531E1E741928003A4DD2 /* main.m in Sources */ = {isa = PBXBuildFile; fileRef = 3A1E531D1E741928003A4DD2 /* main.m */; };
		3A1E53211E741928003A4DD2 /* AppDelegate.m in Sources */ = {isa = PBXBuildFile; fileRef = 3A1E53201E741928003A4DD2 /* AppDelegate.m */; };
		3A1E53241E741928003A4DD2 /* ViewController.m in Sources */ = {isa = PBXBuildFile; fileRef = 3A1E53231E741928003A4DD2 /* ViewController.m */; };
		3A1E53271E741928003A4DD2 /* Main.storyboard in Resources */ = {isa = PBXBuildFile; fileRef = 3A1E53251E741928003A4DD2 /* Main.storyboard */; };
		3A1E53291E741928003A4DD2 /* Assets.xcassets in Resources */ = {isa = PBXBuildFile; fileRef = 3A1E53281E741928003A4DD2 /* Assets.xcassets */; };
		3A1E532C1E741928003A4DD2 /* LaunchScreen.storyboard in Resources */ = {isa = PBXBuildFile; fileRef = 3A1E532A1E741928003A4DD2 /* LaunchScreen.storyboard */; };
		3A1E53371E741928003A4DD2 /* VersionComparisonTests.m in Sources */ = {isa = PBXBuildFile; fileRef = 3A1E53361E741928003A4DD2 /* VersionComparisonTests.m */; };
		3A1E53431E74194E003A4DD2 /* VersionComparison.m in Sources */ = {isa = PBXBuildFile; fileRef = 3A1E53421E74194E003A4DD2 /* VersionComparison.m */; };
/* End PBXBuildFile section */

/* Begin PBXContainerItemProxy section */
		3A1E53331E741928003A4DD2 /* PBXContainerItemProxy */ = {
			isa = PBXContainerItemProxy;
			containerPortal = 3A1E53111E741928003A4DD2 /* Project object */;
			proxyType = 1;
			remoteGlobalIDString = 3A1E53181E741928003A4DD2;
			remoteInfo = VersionComparison;
		};
/* End PBXContainerItemProxy section */

/* Begin PBXFileReference section */
		3A1E53191E741928003A4DD2 /* VersionComparison.app */ = {isa = PBXFileReference; explicitFileType = wrapper.application; includeInIndex = 0; path = VersionComparison.app; sourceTree = BUILT_PRODUCTS_DIR; };
		3A1E531D1E741928003A4DD2 /* main.m */ = {isa = PBXFileReference; lastKnownFileType = sourcecode.c.objc; path = main.m; sourceTree = "<group>"; };
		3A1E531F1E741928003A4DD2 /* AppDelegate.h */ = {isa = PBXFileReference; lastKnownFileType = sourcecode.c.h; path = AppDelegate.h; sourceTree = "<group>"; };
		3A1E53201E741928003A4DD2 /* AppDelegate.m */ = {isa = PBXFileReference; lastKnownFileType = sourcecode.c.objc; path = AppDelegate.m; sourceTree = "<group>"; };
		3A1E53221E741928003A4DD2 /* ViewController.h */ = {isa = PBXFileReference; lastKnownFileType = sourcecode.c.h; path = ViewController.h; sourceTree = "<group>"; };
		3A1E53231E741928003A4DD2 /* ViewController.m */ = {isa = PBXFileReference; lastKnownFileType = sourcecode.c.objc; path = ViewController.m; sourceTree = "<group>"; };
		3A1E53261E741928003A4DD2 /* Base */ = {isa = PBXFileReference; lastKnownFileType = file.storyboard; name = Base; path = Base.lproj/Main.storyboard; sourceTree = "<group>"; };
		3A1E53281E741928003A4DD2 /* Assets.xcassets */ = {isa = PBXFileReference; lastKnownFileType = folder.assetcatalog; path = Assets.xcassets; sourceTree = "<group>"; };
		3A1E532B1E741928003A4DD2 /* Base */ = {isa = PBXFileReference; lastKnownFileType = file.storyboard; name = Base; path = Base.lproj/LaunchScreen.storyboard; sourceTree = "<group>"; };
		3A1E532D1E741928003A4DD2 /* Info.plist */ = {isa = PBXFileReference; lastKnownFileType = text.plist.xml; path = Info.plist; sourceTree = "<group>"; };
		3A1E53321E741928003A4DD2 /* VersionComparisonTests.xctest */ = {isa = PBXFileReference; explicitFileType = wrapper.cfbundle; includeInIndex = 0; path = VersionComparisonTests.xctest; sourceTree = BUILT_PRODUCTS_DIR; };
		3A1E53361E741928003A4DD2 /* VersionComparisonTests.m */ = {isa = PBXFileReference; lastKnownFileType = sourcecode.c.objc; path = VersionComparisonTests.m; sourceTree = "<group>"; };
		3A1E53381E741928003A4DD2 /* Info.plist */ = {isa = PBXFileReference; lastKnownFileType = text.plist.xml; path = Info.plist; sourceTree = "<group>"; };
		3A1E53411E74194E003A4DD2 /* VersionComparison.h */ = {isa = PBXFileReference; fileEncoding = 4; lastKnownFileType = sourcecode.c.h; path = VersionComparison.h; sourceTree = "<group>"; };
		3A1E53421E74194E003A4DD2 /* VersionComparison.m */ = {isa = PBXFileReference; fileEncoding = 4; lastKnownFileType = sourcecode.c.objc; path = VersionComparison.m; sourceTree = "<group>"; };
/* End PBXFileReference section */

/* Begin PBXFrameworksBuildPhase section */
		3A1E53161E741928003A4DD2 /* Frameworks */ = {
			isa = PBXFrameworksBuildPhase;
			buildActionMask = 2147483647;
			files = (
			);
			runOnlyForDeploymentPostprocessing = 0;
		};
		3A1E532F1E741928003A4DD2 /* Frameworks */ = {
			isa = PBXFrameworksBuildPhase;
			buildActionMask = 2147483647;
			files = (
			);
			runOnlyForDeploymentPostprocessing = 0;
		};
/* End PBXFrameworksBuildPhase section */

/* Begin PBXGroup section */
		3A1E53101E741928003A4DD2 = {
			isa = PBXGroup;
			children = (
				3A1E531B1E741928003A4DD2 /* VersionComparison */,
				3A1E53351E741928003A4DD2 /* VersionComparisonTests */,
				3A1E531A1E741928003A4DD2 /* Products */,
			);
			sourceTree = "<group>";
		};
		3A1E531A1E741928003A4DD2 /* Products */ = {
			isa = PBXGroup;
			children = (
				3A1E53191E741928003A4DD2 /* VersionComparison.app */,
				3A1E53321E741928003A4DD2 /* VersionComparisonTests.xctest */,
			);
			name = Products;
			sourceTree = "<group>";
		};
		3A1E531B1E741928003A4DD2 /* VersionComparison */ = {
			isa = PBXGroup;
			children = (
				3A1E531F1E741928003A4DD2 /* AppDelegate.h */,
				3A1E53201E741928003A4DD2 /* AppDelegate.m */,
				3A1E53221E741928003A4DD2 /* ViewController.h */,
				3A1E53231E741928003A4DD2 /* ViewController.m */,
				3A1E53411E74194E003A4DD2 /* VersionComparison.h */,
				3A1E53421E74194E003A4DD2 /* VersionComparison.m */,
				3A1E53251E741928003A4DD2 /* Main.storyboard */,
				3A1E53281E741928003A4DD2 /* Assets.xcassets */,
				3A1E532A1E741928003A4DD2 /* LaunchScreen.storyboard */,
				3A1E532D1E741928003A4DD2 /* Info.plist */,
				3A1E531C1E741928003A4DD2 /* Supporting Files */,
			);
			path = VersionComparison;
			sourceTree = "<group>";
		};
		3A1E531C1E741928003A4DD2 /* Supporting Files */ = {
			isa = PBXGroup;
			children = (
				3A1E531D1E741928003A4DD2 /* main.m */,
			);
			name = "Supporting Files";
			sourceTree = "<group>";
		};
		3A1E53351E741928003A4DD2 /* VersionComparisonTests */ = {
			isa = PBXGroup;
			children = (
				3A1E53361E741928003A4DD2 /* VersionComparisonTests.m */,
				3A1E53381E741928003A4DD2 /* Info.plist */,
			);
			path = VersionComparisonTests;
			sourceTree = "<group>";
		};
/* End PBXGroup section */

/* Begin PBXNativeTarget section */
		3A1E53181E741928003A4DD2 /* VersionComparison */ = {
			isa = PBXNativeTarget;
			buildConfigurationList = 3A1E533B1E741928003A4DD2 /* Build configuration list for PBXNativeTarget "VersionComparison" */;
			buildPhases = (
				3A1E53151E741928003A4DD2 /* Sources */,
				3A1E53161E741928003A4DD2 /* Frameworks */,
				3A1E53171E741928003A4DD2 /* Resources */,
			);
			buildRules = (
			);
			dependencies = (
			);
			name = VersionComparison;
			productName = VersionComparison;
			productReference = 3A1E53191E741928003A4DD2 /* VersionComparison.app */;
			productType = "com.apple.product-type.application";
		};
		3A1E53311E741928003A4DD2 /* VersionComparisonTests */ = {
			isa = PBXNativeTarget;
			buildConfigurationList = 3A1E533E1E741928003A4DD2 /* Build configuration list for PBXNativeTarget "VersionComparisonTests" */;
			buildPhases = (
				3A1E532E1E741928003A4DD2 /* Sources */,
				3A1E532F1E741928003A4DD2 /* Frameworks */,
				3A1E53301E741928003A4DD2 /* Resources */,
			);
			buildRules = (
			);
			dependencies = (
				3A1E53341E741928003A4DD2 /* PBXTargetDependency */,
			);
			name = VersionComparisonTests;
			productName = VersionComparisonTests;
			productReference = 3A1E53321E741928003A4DD2 /* VersionComparisonTests.xctest */;
			productType = "com.apple.product-type.bundle.unit-test";
		};
/* End PBXNativeTarget section */

/* Begin PBXProject section */
		3A1E53111E741928003A4DD2 /* Project object */ = {
			isa = PBXProject;
			attributes = {
				LastUpgradeCheck = 0820;
				ORGANIZATIONNAME = darkgm;
				TargetAttributes = {
					3A1E53181E741928003A4DD2 = {
						CreatedOnToolsVersion = 8.2;
						ProvisioningStyle = Automatic;
					};
					3A1E53311E741928003A4DD2 = {
						CreatedOnToolsVersion = 8.2;
						ProvisioningStyle = Automatic;
						TestTargetID = 3A1E53181E741928003A4DD2;
					};
				};
			};
			buildConfigurationList = 3A1E53141E741928003A4DD2 /* Build configuration list for PBXProject "VersionComparison" */;
			compatibilityVersion = "Xcode 3.2";
			developmentRegion = English;
			hasScannedForEncodings = 0;
			knownRegions = (
				en,
				Base,
			);
			mainGroup = 3A1E53101E741928003A4DD2;
			productRefGroup = 3A1E531A1E741928003A4DD2 /* Products */;
			projectDirPath = "";
			projectRoot = "";
			targets = (
				3A1E53181E741928003A4DD2 /* VersionComparison */,
				3A1E53311E741928003A4DD2 /* VersionComparisonTests */,
			);
		};
/* End PBXProject section */

/* Begin PBXResourcesBuildPhase section */
		3A1E53171E741928003A4DD2 /* Resources */ = {
			isa = PBXResourcesBuildPhase;
			buildActionMask = 2147483647;
			files = (
				3A1E532C1E741928003A4DD2 /* LaunchScreen.storyboard in Resources */,
				3A1E53291E741928003A4DD2 /* Assets.xcassets in Resources */,
				3A1E53271E741928003A4DD2 /* Main.storyboard in Resources */,
			);
			runOnlyForDeploymentPostprocessing = 0;
		};
		3A1E53301E741928003A4DD2 /* Resources */ = {
			isa = PBXResourcesBuildPhase;
			buildActionMask = 2147483647;
			files = (
			);
			runOnlyForDeploymentPostprocessing = 0;
		};
/* End PBXResourcesBuildPhase section */

/* Begin PBXSourcesBuildPhase section */
		3A1E53151E741928003A4DD2 /* Sources */ = {
			isa = PBXSourcesBuildPhase;
			buildActionMask = 2147483647;
			files = (
				3A1E53241E741928003A4DD2 /* ViewController.m in Sources */,
				3A1E53211E741928003A4DD2 /* AppDelegate.m in Sources */,
				3A1E531E1E741928003A4DD2 /* main.m in Sources */,
				3A1E53431E74194E003A4DD2 /* VersionComparison.m in Sources */,
			);
			runOnlyForDeploymentPostprocessing = 0;
		};
		3A1E532E1E741928003A4DD2 /* Sources */ = {
			isa = PBXSourcesBuildPhase;
			buildActionMask = 2147483647;
			files = (
				3A1E53371E741928003A4DD2 /* VersionComparisonTests.m in Sources */,
			);
			runOnlyForDeploymentPostprocessing = 0;
		};
/* End PBXSourcesBuildPhase section */

/* Begin PBXTargetDependency section */
		3A1E53341E741928003A4DD2 /* PBXTargetDependency */ = {
			isa = PBXTargetDependency;
			target = 3A1E53181E741928003A4DD2 /* VersionComparison */;
			targetProxy = 3A1E53331E741928003A4DD2 /* PBXContainerItemProxy */;
		};
/* End PBXTargetDependency section */

/* Begin PBXVariantGroup section */
		3A1E53251E741928003A4DD2 /* Main.storyboard */ = {
			isa = PBXVariantGroup;
			children = (
				3A1E53261E741928003A4DD2 /* Base */,
			);
			name = Main.storyboard;
			sourceTree = "<group>";
		};
		3A1E532A1E741928003A4DD2 /* LaunchScreen.storyboard */ = {
			isa = PBXVariantGroup;
			children = (
				3A1E532B1E741928003A4DD2 /* Base */,
			);
			name = LaunchScreen.storyboard;
			sourceTree = "<group>";
		};
/* End PBXVariantGroup section */

/* Begin XCBuildConfiguration section */
		3A1E53391E741928003A4DD2 /* Debug */ = {
			isa = XCBuildConfiguration;
			buildSettings = {
				ALWAYS_SEARCH_USER_PATHS = NO;
				CLANG_ANALYZER_NONNULL = YES;
				CLANG_CXX_LANGUAGE_STANDARD = "gnu++0x";
				CLANG_CXX_LIBRARY = "libc++";
				CLANG_ENABLE_MODULES = YES;
				CLANG_ENABLE_OBJC_ARC = YES;
				CLANG_WARN_BOOL_CONVERSION = YES;
				CLANG_WARN_CONSTANT_CONVERSION = YES;
				CLANG_WARN_DIRECT_OBJC_ISA_USAGE = YES_ERROR;
				CLANG_WARN_DOCUMENTATION_COMMENTS = YES;
				CLANG_WARN_EMPTY_BODY = YES;
				CLANG_WARN_ENUM_CONVERSION = YES;
				CLANG_WARN_INFINITE_RECURSION = YES;
				CLANG_WARN_INT_CONVERSION = YES;
				CLANG_WARN_OBJC_ROOT_CLASS = YES_ERROR;
				CLANG_WARN_SUSPICIOUS_MOVE = YES;
				CLANG_WARN_UNREACHABLE_CODE = YES;
				CLANG_WARN__DUPLICATE_METHOD_MATCH = YES;
				"CODE_SIGN_IDENTITY[sdk=iphoneos*]" = "iPhone Developer";
				COPY_PHASE_STRIP = NO;
				DEBUG_INFORMATION_FORMAT = dwarf;
				ENABLE_STRICT_OBJC_MSGSEND = YES;
				ENABLE_TESTABILITY = YES;
				GCC_C_LANGUAGE_STANDARD = gnu99;
				GCC_DYNAMIC_NO_PIC = NO;
				GCC_NO_COMMON_BLOCKS = YES;
				GCC_OPTIMIZATION_LEVEL = 0;
				GCC_PREPROCESSOR_DEFINITIONS = (
					"DEBUG=1",
					"$(inherited)",
				);
				GCC_WARN_64_TO_32_BIT_CONVERSION = YES;
				GCC_WARN_ABOUT_RETURN_TYPE = YES_ERROR;
				GCC_WARN_UNDECLARED_SELECTOR = YES;
				GCC_WARN_UNINITIALIZED_AUTOS = YES_AGGRESSIVE;
				GCC_WARN_UNUSED_FUNCTION = YES;
				GCC_WARN_UNUSED_VARIABLE = YES;
				IPHONEOS_DEPLOYMENT_TARGET = 10.2;
				MTL_ENABLE_DEBUG_INFO = YES;
				ONLY_ACTIVE_ARCH = YES;
				SDKROOT = iphoneos;
				TARGETED_DEVICE_FAMILY = "1,2";
			};
			name = Debug;
		};
		3A1E533A1E741928003A4DD2 /* Release */ = {
			isa = XCBuildConfiguration;
			buildSettings = {
				ALWAYS_SEARCH_USER_PATHS = NO;
				CLANG_ANALYZER_NONNULL = YES;
				CLANG_CXX_LANGUAGE_STANDARD = "gnu++0x";
				CLANG_CXX_LIBRARY = "libc++";
				CLANG_ENABLE_MODULES = YES;
				CLANG_ENABLE_OBJC_ARC = YES;
				CLANG_WARN_BOOL_CONVERSION = YES;
				CLANG_WARN_CONSTANT_CONVERSION = YES;
				CLANG_WARN_DIRECT_OBJC_ISA_USAGE = YES_ERROR;
				CLANG_WARN_DOCUMENTATION_COMMENTS = YES;
				CLANG_WARN_EMPTY_BODY = YES;
				CLANG_WARN_ENUM_CONVERSION = YES;
				CLANG_WARN_INFINITE_RECURSION = YES;
				CLANG_WARN_INT_CONVERSION = YES;
				CLANG_WARN_OBJC_ROOT_CLASS = YES_ERROR;
				CLANG_WARN_SUSPICIOUS_MOVE = YES;
				CLANG_WARN_UNREACHABLE_CODE = YES;
				CLANG_WARN__DUPLICATE_METHOD_MATCH = YES;
				"CODE_SIGN_IDENTITY[sdk=iphoneos*]" = "iPhone Developer";
				COPY_PHASE_STRIP = NO;
				DEBUG_INFORMATION_FORMAT = "dwarf-with-dsym";
				ENABLE_NS_ASSERTIONS = NO;
				ENABLE_STRICT_OBJC_MSGSEND = YES;
				GCC_C_LANGUAGE_STANDARD = gnu99;
				GCC_NO_COMMON_BLOCKS = YES;
				GCC_WARN_64_TO_32_BIT_CONVERSION = YES;
				GCC_WARN_ABOUT_RETURN_TYPE = YES_ERROR;
				GCC_WARN_UNDECLARED_SELECTOR = YES;
				GCC_WARN_UNINITIALIZED_AUTOS = YES_AGGRESSIVE;
				GCC_WARN_UNUSED_FUNCTION = YES;
				GCC_WARN_UNUSED_VARIABLE = YES;
				IPHONEOS_DEPLOYMENT_TARGET = 10.2;
				MTL_ENABLE_DEBUG_INFO = NO;
				SDKROOT = iphoneos;
				TARGETED_DEVICE_FAMILY = "1,2";
				VALIDATE_PRODUCT = YES;
			};
			name = Release;
		};
		3A1E533C1E741928003A4DD2 /* Debug */ = {
			isa = XCBuildConfiguration;
			buildSettings = {
				ASSETCATALOG_COMPILER_APPICON_NAME = AppIcon;
				INFOPLIST_FILE = VersionComparison/Info.plist;
				LD_RUNPATH_SEARCH_PATHS = "$(inherited) @executable_path/Frameworks";
				PRODUCT_BUNDLE_IDENTIFIER = com.example.VersionComparison;
				PRODUCT_NAME = "$(TARGET_NAME)";
			};
			name = Debug;
		};
		3A1E533D1E741928003A4DD2 /* Release */ = {
			isa = XCBuildConfiguration;
			buildSettings = {
				ASSETCATALOG_COMPILER_APPICON_NAME = AppIcon;
				INFOPLIST_FILE = VersionComparison/Info.plist;
				LD_RUNPATH_SEARCH_PATHS = "$(inherited) @executable_path/Frameworks";
				PRODUCT_BUNDLE_IDENTIFIER = com.example.VersionComparison;
				PRODUCT_NAME = "$(TARGET_NAME)";
			};
			name = Release;
		};
		3A1E533F1E741928003A4DD2 /* Debug */ = {
			isa = XCBuildConfiguration;
			buildSettings = {
				BUNDLE_LOADER = "$(TEST_HOST)";
				INFOPLIST_FILE = VersionComparisonTests/Info.plist;
				LD_RUNPATH_SEARCH_PATHS = "$(inherited) @executable_path/Frameworks @loader_path/Frameworks";
				PRODUCT_BUNDLE_IDENTIFIER = com.example.VersionComparisonTests;
				PRODUCT_NAME = "$(TARGET_NAME)";
				TEST_HOST = "$(BUILT_PRODUCTS_DIR)/VersionComparison.app/VersionComparison";
			};
			name = Debug;
		};
		3A1E53401E741928003A4DD2 /* Release */ = {
			isa = XCBuildConfiguration;
			buildSettings = {
				BUNDLE_LOADER = "$(TEST_HOST)";
				INFOPLIST_FILE = VersionComparisonTests/Info.plist;
				LD_RUNPATH_SEARCH_PATHS = "$(inherited) @executable_path/Frameworks @loader_path/Frameworks";
				PRODUCT_BUNDLE_IDENTIFIER = com.example.VersionComparisonTests;
				PRODUCT_NAME = "$(TARGET_NAME)";
				TEST_HOST = "$(BUILT_PRODUCTS_DIR)/VersionComparison.app/VersionComparison";
			};
			name = Release;
		};
/* End XCBuildConfiguration section */

/* Begin XCConfigurationList section */
		3A1E53141E741928003A4DD2 /* Build configuration list for PBXProject "VersionComparison" */ = {
			isa = XCConfigurationList;
			buildConfigurations = (
				3A1E53391E741928003A4DD2 /* Debug */,
				3A1E533A1E741928003A4DD2 /* Release */,
			);
			defaultConfigurationIsVisible = 0;
			defaultConfigurationName = Release;
		};
		3A1E533B1E741928003A4DD2 /* Build configuration list for PBXNativeTarget "VersionComparison" */ = {
			isa = XCConfigurationList;
			buildConfigurations = (
				3A1E533C1E741928003A4DD2 /* Debug */,
				3A1E533D1E741928003A4DD2 /* Release */,
			);
			defaultConfigurationIsVisible = 0;
		};
		3A1E533E1E741928003A4DD2 /* Build configuration list for PBXNativeTarget "VersionComparisonTests" */ = {
			isa = XCConfigurationList;
			buildConfigurations = (
				3A1E533F1E741928003A4DD2 /* Debug */,
				3A1E53401E741928003A4DD2 /* Release */,
			);
			defaultConfigurationIsVisible = 0;
		};
/* End XCConfigurationList section */
	};
	rootObject = 3A1E53111E741928003A4DD2 /* Project object */;
}
