// !$*UTF8*$!
{
	archiveVersion = 1;
	classes = {
	};
	objectVersion = 46;
	objects = {

/* Begin PBXBuildFile section */
		3A33D7F41ED3D6AB00F311F7 /* main.m in Sources */ = {isa = PBXBuildFile; fileRef = 3A33D7F31ED3D6AB00F311F7 /* main.m */; };
		3A33D7F71ED3D6AB00F311F7 /* AppDelegate.m in Sources */ = {isa = PBXBuildFile; fileRef = 3A33D7F61ED3D6AB00F311F7 /* AppDelegate.m */; };
		3A33D7FA1ED3D6AB00F311F7 /* ViewController.m in Sources */ = {isa = PBXBuildFile; fileRef = 3A33D7F91ED3D6AB00F311F7 /* ViewController.m */; };
		3A33D7FD1ED3D6AC00F311F7 /* Main.storyboard in Resources */ = {isa = PBXBuildFile; fileRef = 3A33D7FB1ED3D6AC00F311F7 /* Main.storyboard */; };
		3A33D7FF1ED3D6AC00F311F7 /* Assets.xcassets in Resources */ = {isa = PBXBuildFile; fileRef = 3A33D7FE1ED3D6AC00F311F7 /* Assets.xcassets */; };
		3A33D8021ED3D6AC00F311F7 /* LaunchScreen.storyboard in Resources */ = {isa = PBXBuildFile; fileRef = 3A33D8001ED3D6AC00F311F7 /* LaunchScreen.storyboard */; };
		3A33D80D1ED3D6AC00F311F7 /* UIBezierPathDemoTests.m in Sources */ = {isa = PBXBuildFile; fileRef = 3A33D80C1ED3D6AC00F311F7 /* UIBezierPathDemoTests.m */; };
/* End PBXBuildFile section */

/* Begin PBXContainerItemProxy section */
		3A33D8091ED3D6AC00F311F7 /* PBXContainerItemProxy */ = {
			isa = PBXContainerItemProxy;
			containerPortal = 3A33D7E71ED3D6AB00F311F7 /* Project object */;
			proxyType = 1;
			remoteGlobalIDString = 3A33D7EE1ED3D6AB00F311F7;
			remoteInfo = UIBezierPathDemo;
		};
/* End PBXContainerItemProxy section */

/* Begin PBXFileReference section */
		3A33D7EF1ED3D6AB00F311F7 /* UIBezierPathDemo.app */ = {isa = PBXFileReference; explicitFileType = wrapper.application; includeInIndex = 0; path = UIBezierPathDemo.app; sourceTree = BUILT_PRODUCTS_DIR; };
		3A33D7F31ED3D6AB00F311F7 /* main.m */ = {isa = PBXFileReference; lastKnownFileType = sourcecode.c.objc; path = main.m; sourceTree = "<group>"; };
		3A33D7F51ED3D6AB00F311F7 /* AppDelegate.h */ = {isa = PBXFileReference; lastKnownFileType = sourcecode.c.h; path = AppDelegate.h; sourceTree = "<group>"; };
		3A33D7F61ED3D6AB00F311F7 /* AppDelegate.m */ = {isa = PBXFileReference; lastKnownFileType = sourcecode.c.objc; path = AppDelegate.m; sourceTree = "<group>"; };
		3A33D7F81ED3D6AB00F311F7 /* ViewController.h */ = {isa = PBXFileReference; lastKnownFileType = sourcecode.c.h; path = ViewController.h; sourceTree = "<group>"; };
		3A33D7F91ED3D6AB00F311F7 /* ViewController.m */ = {isa = PBXFileReference; lastKnownFileType = sourcecode.c.objc; path = ViewController.m; sourceTree = "<group>"; };
		3A33D7FC1ED3D6AC00F311F7 /* Base */ = {isa = PBXFileReference; lastKnownFileType = file.storyboard; name = Base; path = Base.lproj/Main.storyboard; sourceTree = "<group>"; };
		3A33D7FE1ED3D6AC00F311F7 /* Assets.xcassets */ = {isa = PBXFileReference; lastKnownFileType = folder.assetcatalog; path = Assets.xcassets; sourceTree = "<group>"; };
		3A33D8011ED3D6AC00F311F7 /* Base */ = {isa = PBXFileReference; lastKnownFileType = file.storyboard; name = Base; path = Base.lproj/LaunchScreen.storyboard; sourceTree = "<group>"; };
		3A33D8031ED3D6AC00F311F7 /* Info.plist */ = {isa = PBXFileReference; lastKnownFileType = text.plist.xml; path = Info.plist; sourceTree = "<group>"; };
		3A33D8081ED3D6AC00F311F7 /* UIBezierPathDemoTests.xctest */ = {isa = PBXFileReference; explicitFileType = wrapper.cfbundle; includeInIndex = 0; path = UIBezierPathDemoTests.xctest; sourceTree = BUILT_PRODUCTS_DIR; };
		3A33D80C1ED3D6AC00F311F7 /* UIBezierPathDemoTests.m */ = {isa = PBXFileReference; lastKnownFileType = sourcecode.c.objc; path = UIBezierPathDemoTests.m; sourceTree = "<group>"; };
		3A33D80E1ED3D6AC00F311F7 /* Info.plist */ = {isa = PBXFileReference; lastKnownFileType = text.plist.xml; path = Info.plist; sourceTree = "<group>"; };
/* End PBXFileReference section */

/* Begin PBXFrameworksBuildPhase section */
		3A33D7EC1ED3D6AB00F311F7 /* Frameworks */ = {
			isa = PBXFrameworksBuildPhase;
			buildActionMask = 2147483647;
			files = (
			);
			runOnlyForDeploymentPostprocessing = 0;
		};
		3A33D8051ED3D6AC00F311F7 /* Frameworks */ = {
			isa = PBXFrameworksBuildPhase;
			buildActionMask = 2147483647;
			files = (
			);
			runOnlyForDeploymentPostprocessing = 0;
		};
/* End PBXFrameworksBuildPhase section */

/* Begin PBXGroup section */
		3A33D7E61ED3D6AB00F311F7 = {
			isa = PBXGroup;
			children = (
				3A33D7F11ED3D6AB00F311F7 /* UIBezierPathDemo */,
				3A33D80B1ED3D6AC00F311F7 /* UIBezierPathDemoTests */,
				3A33D7F01ED3D6AB00F311F7 /* Products */,
			);
			sourceTree = "<group>";
		};
		3A33D7F01ED3D6AB00F311F7 /* Products */ = {
			isa = PBXGroup;
			children = (
				3A33D7EF1ED3D6AB00F311F7 /* UIBezierPathDemo.app */,
				3A33D8081ED3D6AC00F311F7 /* UIBezierPathDemoTests.xctest */,
			);
			name = Products;
			sourceTree = "<group>";
		};
		3A33D7F11ED3D6AB00F311F7 /* UIBezierPathDemo */ = {
			isa = PBXGroup;
			children = (
				3A33D7F51ED3D6AB00F311F7 /* AppDelegate.h */,
				3A33D7F61ED3D6AB00F311F7 /* AppDelegate.m */,
				3A33D7F81ED3D6AB00F311F7 /* ViewController.h */,
				3A33D7F91ED3D6AB00F311F7 /* ViewController.m */,
				3A33D7FB1ED3D6AC00F311F7 /* Main.storyboard */,
				3A33D7FE1ED3D6AC00F311F7 /* Assets.xcassets */,
				3A33D7F21ED3D6AB00F311F7 /* Supporting Files */,
			);
			path = UIBezierPathDemo;
			sourceTree = "<group>";
		};
		3A33D7F21ED3D6AB00F311F7 /* Supporting Files */ = {
			isa = PBXGroup;
			children = (
				3A33D8031ED3D6AC00F311F7 /* Info.plist */,
				3A33D8001ED3D6AC00F311F7 /* LaunchScreen.storyboard */,
				3A33D7F31ED3D6AB00F311F7 /* main.m */,
			);
			name = "Supporting Files";
			sourceTree = "<group>";
		};
		3A33D80B1ED3D6AC00F311F7 /* UIBezierPathDemoTests */ = {
			isa = PBXGroup;
			children = (
				3A33D80C1ED3D6AC00F311F7 /* UIBezierPathDemoTests.m */,
				3A33D80E1ED3D6AC00F311F7 /* Info.plist */,
			);
			path = UIBezierPathDemoTests;
			sourceTree = "<group>";
		};
/* End PBXGroup section */

/* Begin PBXNativeTarget section */
		3A33D7EE1ED3D6AB00F311F7 /* UIBezierPathDemo */ = {
			isa = PBXNativeTarget;
			buildConfigurationList = 3A33D8111ED3D6AC00F311F7 /* Build configuration list for PBXNativeTarget "UIBezierPathDemo" */;
			buildPhases = (
				3A33D7EB1ED3D6AB00F311F7 /* Sources */,
				3A33D7EC1ED3D6AB00F311F7 /* Frameworks */,
				3A33D7ED1ED3D6AB00F311F7 /* Resources */,
			);
			buildRules = (
			);
			dependencies = (
			);
			name = UIBezierPathDemo;
			productName = UIBezierPathDemo;
			productReference = 3A33D7EF1ED3D6AB00F311F7 /* UIBezierPathDemo.app */;
			productType = "com.apple.product-type.application";
		};
		3A33D8071ED3D6AC00F311F7 /* UIBezierPathDemoTests */ = {
			isa = PBXNativeTarget;
			buildConfigurationList = 3A33D8141ED3D6AC00F311F7 /* Build configuration list for PBXNativeTarget "UIBezierPathDemoTests" */;
			buildPhases = (
				3A33D8041ED3D6AC00F311F7 /* Sources */,
				3A33D8051ED3D6AC00F311F7 /* Frameworks */,
				3A33D8061ED3D6AC00F311F7 /* Resources */,
			);
			buildRules = (
			);
			dependencies = (
				3A33D80A1ED3D6AC00F311F7 /* PBXTargetDependency */,
			);
			name = UIBezierPathDemoTests;
			productName = UIBezierPathDemoTests;
			productReference = 3A33D8081ED3D6AC00F311F7 /* UIBezierPathDemoTests.xctest */;
			productType = "com.apple.product-type.bundle.unit-test";
		};
/* End PBXNativeTarget section */

/* Begin PBXProject section */
		3A33D7E71ED3D6AB00F311F7 /* Project object */ = {
			isa = PBXProject;
			attributes = {
				LastUpgradeCheck = 0820;
				ORGANIZATIONNAME = darkgm;
				TargetAttributes = {
					3A33D7EE1ED3D6AB00F311F7 = {
						CreatedOnToolsVersion = 8.2;
						ProvisioningStyle = Automatic;
					};
					3A33D8071ED3D6AC00F311F7 = {
						CreatedOnToolsVersion = 8.2;
						ProvisioningStyle = Automatic;
						TestTargetID = 3A33D7EE1ED3D6AB00F311F7;
					};
				};
			};
			buildConfigurationList = 3A33D7EA1ED3D6AB00F311F7 /* Build configuration list for PBXProject "UIBezierPathDemo" */;
			compatibilityVersion = "Xcode 3.2";
			developmentRegion = English;
			hasScannedForEncodings = 0;
			knownRegions = (
				en,
				Base,
			);
			mainGroup = 3A33D7E61ED3D6AB00F311F7;
			productRefGroup = 3A33D7F01ED3D6AB00F311F7 /* Products */;
			projectDirPath = "";
			projectRoot = "";
			targets = (
				3A33D7EE1ED3D6AB00F311F7 /* UIBezierPathDemo */,
				3A33D8071ED3D6AC00F311F7 /* UIBezierPathDemoTests */,
			);
		};
/* End PBXProject section */

/* Begin PBXResourcesBuildPhase section */
		3A33D7ED1ED3D6AB00F311F7 /* Resources */ = {
			isa = PBXResourcesBuildPhase;
			buildActionMask = 2147483647;
			files = (
				3A33D8021ED3D6AC00F311F7 /* LaunchScreen.storyboard in Resources */,
				3A33D7FF1ED3D6AC00F311F7 /* Assets.xcassets in Resources */,
				3A33D7FD1ED3D6AC00F311F7 /* Main.storyboard in Resources */,
			);
			runOnlyForDeploymentPostprocessing = 0;
		};
		3A33D8061ED3D6AC00F311F7 /* Resources */ = {
			isa = PBXResourcesBuildPhase;
			buildActionMask = 2147483647;
			files = (
			);
			runOnlyForDeploymentPostprocessing = 0;
		};
/* End PBXResourcesBuildPhase section */

/* Begin PBXSourcesBuildPhase section */
		3A33D7EB1ED3D6AB00F311F7 /* Sources */ = {
			isa = PBXSourcesBuildPhase;
			buildActionMask = 2147483647;
			files = (
				3A33D7FA1ED3D6AB00F311F7 /* ViewController.m in Sources */,
				3A33D7F71ED3D6AB00F311F7 /* AppDelegate.m in Sources */,
				3A33D7F41ED3D6AB00F311F7 /* main.m in Sources */,
			);
			runOnlyForDeploymentPostprocessing = 0;
		};
		3A33D8041ED3D6AC00F311F7 /* Sources */ = {
			isa = PBXSourcesBuildPhase;
			buildActionMask = 2147483647;
			files = (
				3A33D80D1ED3D6AC00F311F7 /* UIBezierPathDemoTests.m in Sources */,
			);
			runOnlyForDeploymentPostprocessing = 0;
		};
/* End PBXSourcesBuildPhase section */

/* Begin PBXTargetDependency section */
		3A33D80A1ED3D6AC00F311F7 /* PBXTargetDependency */ = {
			isa = PBXTargetDependency;
			target = 3A33D7EE1ED3D6AB00F311F7 /* UIBezierPathDemo */;
			targetProxy = 3A33D8091ED3D6AC00F311F7 /* PBXContainerItemProxy */;
		};
/* End PBXTargetDependency section */

/* Begin PBXVariantGroup section */
		3A33D7FB1ED3D6AC00F311F7 /* Main.storyboard */ = {
			isa = PBXVariantGroup;
			children = (
				3A33D7FC1ED3D6AC00F311F7 /* Base */,
			);
			name = Main.storyboard;
			sourceTree = "<group>";
		};
		3A33D8001ED3D6AC00F311F7 /* LaunchScreen.storyboard */ = {
			isa = PBXVariantGroup;
			children = (
				3A33D8011ED3D6AC00F311F7 /* Base */,
			);
			name = LaunchScreen.storyboard;
			sourceTree = "<group>";
		};
/* End PBXVariantGroup section */

/* Begin XCBuildConfiguration section */
		3A33D80F1ED3D6AC00F311F7 /* Debug */ = {
			isa = XCBuildConfiguration;
			buildSettings = {
				ALWAYS_SEARCH_USER_PATHS = NO;
				CLANG_ANALYZER_NONNULL = YES;
				CLANG_CXX_LANGUAGE_STANDARD = "gnu++0x";
				CLANG_CXX_LIBRARY = "libc++";
				CLANG_ENABLE_MODULES = YES;
				CLANG_ENABLE_OBJC_ARC = YES;
				CLANG_WARN_BOOL_CONVERSION = YES;
				CLANG_WARN_CONSTANT_CONVERSION = YES;
				CLANG_WARN_DIRECT_OBJC_ISA_USAGE = YES_ERROR;
				CLANG_WARN_DOCUMENTATION_COMMENTS = YES;
				CLANG_WARN_EMPTY_BODY = YES;
				CLANG_WARN_ENUM_CONVERSION = YES;
				CLANG_WARN_INFINITE_RECURSION = YES;
				CLANG_WARN_INT_CONVERSION = YES;
				CLANG_WARN_OBJC_ROOT_CLASS = YES_ERROR;
				CLANG_WARN_SUSPICIOUS_MOVE = YES;
				CLANG_WARN_UNREACHABLE_CODE = YES;
				CLANG_WARN__DUPLICATE_METHOD_MATCH = YES;
				"CODE_SIGN_IDENTITY[sdk=iphoneos*]" = "iPhone Developer";
				COPY_PHASE_STRIP = NO;
				DEBUG_INFORMATION_FORMAT = dwarf;
				ENABLE_STRICT_OBJC_MSGSEND = YES;
				ENABLE_TESTABILITY = YES;
				GCC_C_LANGUAGE_STANDARD = gnu99;
				GCC_DYNAMIC_NO_PIC = NO;
				GCC_NO_COMMON_BLOCKS = YES;
				GCC_OPTIMIZATION_LEVEL = 0;
				GCC_PREPROCESSOR_DEFINITIONS = (
					"DEBUG=1",
					"$(inherited)",
				);
				GCC_WARN_64_TO_32_BIT_CONVERSION = YES;
				GCC_WARN_ABOUT_RETURN_TYPE = YES_ERROR;
				GCC_WARN_UNDECLARED_SELECTOR = YES;
				GCC_WARN_UNINITIALIZED_AUTOS = YES_AGGRESSIVE;
				GCC_WARN_UNUSED_FUNCTION = YES;
				GCC_WARN_UNUSED_VARIABLE = YES;
				IPHONEOS_DEPLOYMENT_TARGET = 10.2;
				MTL_ENABLE_DEBUG_INFO = YES;
				ONLY_ACTIVE_ARCH = YES;
				SDKROOT = iphoneos;
				TARGETED_DEVICE_FAMILY = "1,2";
			};
			name = Debug;
		};
		3A33D8101ED3D6AC00F311F7 /* Release */ = {
			isa = XCBuildConfiguration;
			buildSettings = {
				ALWAYS_SEARCH_USER_PATHS = NO;
				CLANG_ANALYZER_NONNULL = YES;
				CLANG_CXX_LANGUAGE_STANDARD = "gnu++0x";
				CLANG_CXX_LIBRARY = "libc++";
				CLANG_ENABLE_MODULES = YES;
				CLANG_ENABLE_OBJC_ARC = YES;
				CLANG_WARN_BOOL_CONVERSION = YES;
				CLANG_WARN_CONSTANT_CONVERSION = YES;
				CLANG_WARN_DIRECT_OBJC_ISA_USAGE = YES_ERROR;
				CLANG_WARN_DOCUMENTATION_COMMENTS = YES;
				CLANG_WARN_EMPTY_BODY = YES;
				CLANG_WARN_ENUM_CONVERSION = YES;
				CLANG_WARN_INFINITE_RECURSION = YES;
				CLANG_WARN_INT_CONVERSION = YES;
				CLANG_WARN_OBJC_ROOT_CLASS = YES_ERROR;
				CLANG_WARN_SUSPICIOUS_MOVE = YES;
				CLANG_WARN_UNREACHABLE_CODE = YES;
				CLANG_WARN__DUPLICATE_METHOD_MATCH = YES;
				"CODE_SIGN_IDENTITY[sdk=iphoneos*]" = "iPhone Developer";
				COPY_PHASE_STRIP = NO;
				DEBUG_INFORMATION_FORMAT = "dwarf-with-dsym";
				ENABLE_NS_ASSERTIONS = NO;
				ENABLE_STRICT_OBJC_MSGSEND = YES;
				GCC_C_LANGUAGE_STANDARD = gnu99;
				GCC_NO_COMMON_BLOCKS = YES;
				GCC_WARN_64_TO_32_BIT_CONVERSION = YES;
				GCC_WARN_ABOUT_RETURN_TYPE = YES_ERROR;
				GCC_WARN_UNDECLARED_SELECTOR = YES;
				GCC_WARN_UNINITIALIZED_AUTOS = YES_AGGRESSIVE;
				GCC_WARN_UNUSED_FUNCTION = YES;
				GCC_WARN_UNUSED_VARIABLE = YES;
				IPHONEOS_DEPLOYMENT_TARGET = 10.2;
				MTL_ENABLE_DEBUG_INFO = NO;
				SDKROOT = iphoneos;
				TARGETED_DEVICE_FAMILY = "1,2";
				VALIDATE_PRODUCT = YES;
			};
			name = Release;
		};
		3A33D8121ED3D6AC00F311F7 /* Debug */ = {
			isa = XCBuildConfiguration;
			buildSettings = {
				ASSETCATALOG_COMPILER_APPICON_NAME = AppIcon;
				INFOPLIST_FILE = UIBezierPathDemo/Info.plist;
				LD_RUNPATH_SEARCH_PATHS = "$(inherited) @executable_path/Frameworks";
				PRODUCT_BUNDLE_IDENTIFIER = com.example.UIBezierPathDemo;
				PRODUCT_NAME = "$(TARGET_NAME)";
			};
			name = Debug;
		};
		3A33D8131ED3D6AC00F311F7 /* Release */ = {
			isa = XCBuildConfiguration;
			buildSettings = {
				ASSETCATALOG_COMPILER_APPICON_NAME = AppIcon;
				INFOPLIST_FILE = UIBezierPathDemo/Info.plist;
				LD_RUNPATH_SEARCH_PATHS = "$(inherited) @executable_path/Frameworks";
				PRODUCT_BUNDLE_IDENTIFIER = com.example.UIBezierPathDemo;
				PRODUCT_NAME = "$(TARGET_NAME)";
			};
			name = Release;
		};
		3A33D8151ED3D6AC00F311F7 /* Debug */ = {
			isa = XCBuildConfiguration;
			buildSettings = {
				BUNDLE_LOADER = "$(TEST_HOST)";
				INFOPLIST_FILE = UIBezierPathDemoTests/Info.plist;
				LD_RUNPATH_SEARCH_PATHS = "$(inherited) @executable_path/Frameworks @loader_path/Frameworks";
				PRODUCT_BUNDLE_IDENTIFIER = com.example.UIBezierPathDemoTests;
				PRODUCT_NAME = "$(TARGET_NAME)";
				TEST_HOST = "$(BUILT_PRODUCTS_DIR)/UIBezierPathDemo.app/UIBezierPathDemo";
			};
			name = Debug;
		};
		3A33D8161ED3D6AC00F311F7 /* Release */ = {
			isa = XCBuildConfiguration;
			buildSettings = {
				BUNDLE_LOADER = "$(TEST_HOST)";
				INFOPLIST_FILE = UIBezierPathDemoTests/Info.plist;
				LD_RUNPATH_SEARCH_PATHS = "$(inherited) @executable_path/Frameworks @loader_path/Frameworks";
				PRODUCT_BUNDLE_IDENTIFIER = com.example.UIBezierPathDemoTests;
				PRODUCT_NAME = "$(TARGET_NAME)";
				TEST_HOST = "$(BUILT_PRODUCTS_DIR)/UIBezierPathDemo.app/UIBezierPathDemo";
			};
			name = Release;
		};
/* End XCBuildConfiguration section */

/* Begin XCConfigurationList section */
		3A33D7EA1ED3D6AB00F311F7 /* Build configuration list for PBXProject "UIBezierPathDemo" */ = {
			isa = XCConfigurationList;
			buildConfigurations = (
				3A33D80F1ED3D6AC00F311F7 /* Debug */,
				3A33D8101ED3D6AC00F311F7 /* Release */,
			);
			defaultConfigurationIsVisible = 0;
			defaultConfigurationName = Release;
		};
		3A33D8111ED3D6AC00F311F7 /* Build configuration list for PBXNativeTarget "UIBezierPathDemo" */ = {
			isa = XCConfigurationList;
			buildConfigurations = (
				3A33D8121ED3D6AC00F311F7 /* Debug */,
				3A33D8131ED3D6AC00F311F7 /* Release */,
			);
			defaultConfigurationIsVisible = 0;
		};
		3A33D8141ED3D6AC00F311F7 /* Build configuration list for PBXNativeTarget "UIBezierPathDemoTests" */ = {
			isa = XCConfigurationList;
			buildConfigurations = (
				3A33D8151ED3D6AC00F311F7 /* Debug */,
				3A33D8161ED3D6AC00F311F7 /* Release */,
			);
			defaultConfigurationIsVisible = 0;
		};
/* End XCConfigurationList section */
	};
	rootObject = 3A33D7E71ED3D6AB00F311F7 /* Project object */;
}
