// !$*UTF8*$!
{
	archiveVersion = 1;
	classes = {
	};
	objectVersion = 51;
	objects = {

/* Begin PBXBuildFile section */
		3A931DD62580FBB3005477AF /* AppDelegate.swift in Sources */ = {isa = PBXBuildFile; fileRef = 3A931DD52580FBB3005477AF /* AppDelegate.swift */; };
		3A931DD82580FBB3005477AF /* SceneDelegate.swift in Sources */ = {isa = PBXBuildFile; fileRef = 3A931DD72580FBB3005477AF /* SceneDelegate.swift */; };
		3A931DDD2580FBB3005477AF /* Main.storyboard in Resources */ = {isa = PBXBuildFile; fileRef = 3A931DDB2580FBB3005477AF /* Main.storyboard */; };
		3A931DDF2580FBB5005477AF /* Assets.xcassets in Resources */ = {isa = PBXBuildFile; fileRef = 3A931DDE2580FBB5005477AF /* Assets.xcassets */; };
		3A931DE22580FBB5005477AF /* LaunchScreen.storyboard in Resources */ = {isa = PBXBuildFile; fileRef = 3A931DE02580FBB5005477AF /* LaunchScreen.storyboard */; };
		3A931DEB2580FF2D005477AF /* SegmentViewController.swift in Sources */ = {isa = PBXBuildFile; fileRef = 3A931DEA2580FF2D005477AF /* SegmentViewController.swift */; };
		3A931DF72581058B005477AF /* Pods_VibrateDemo.framework in Frameworks */ = {isa = PBXBuildFile; fileRef = 3A931DF62581058B005477AF /* Pods_VibrateDemo.framework */; };
		3A931DFA258106A8005477AF /* HapticsViewController.swift in Sources */ = {isa = PBXBuildFile; fileRef = 3A931DF9258106A8005477AF /* HapticsViewController.swift */; };
		3A931DFD258106BE005477AF /* SystemSoundViewController.swift in Sources */ = {isa = PBXBuildFile; fileRef = 3A931DFC258106BE005477AF /* SystemSoundViewController.swift */; };
		3A931E132582438D005477AF /* CollectionCell.swift in Sources */ = {isa = PBXBuildFile; fileRef = 3A931E122582438D005477AF /* CollectionCell.swift */; };
		3A931E1B25833DA5005477AF /* HeaderView.swift in Sources */ = {isa = PBXBuildFile; fileRef = 3A931E1A25833DA5005477AF /* HeaderView.swift */; };
/* End PBXBuildFile section */

/* Begin PBXFileReference section */
		05D77B5BA9DD92C438F63F67 /* Pods_VibrateDemo.framework */ = {isa = PBXFileReference; explicitFileType = wrapper.framework; includeInIndex = 0; path = Pods_VibrateDemo.framework; sourceTree = BUILT_PRODUCTS_DIR; };
		3A931DD22580FBB3005477AF /* VibrateDemo.app */ = {isa = PBXFileReference; explicitFileType = wrapper.application; includeInIndex = 0; path = VibrateDemo.app; sourceTree = BUILT_PRODUCTS_DIR; };
		3A931DD52580FBB3005477AF /* AppDelegate.swift */ = {isa = PBXFileReference; lastKnownFileType = sourcecode.swift; path = AppDelegate.swift; sourceTree = "<group>"; };
		3A931DD72580FBB3005477AF /* SceneDelegate.swift */ = {isa = PBXFileReference; lastKnownFileType = sourcecode.swift; path = SceneDelegate.swift; sourceTree = "<group>"; };
		3A931DDC2580FBB3005477AF /* Base */ = {isa = PBXFileReference; lastKnownFileType = file.storyboard; name = Base; path = Base.lproj/Main.storyboard; sourceTree = "<group>"; };
		3A931DDE2580FBB5005477AF /* Assets.xcassets */ = {isa = PBXFileReference; lastKnownFileType = folder.assetcatalog; path = Assets.xcassets; sourceTree = "<group>"; };
		3A931DE12580FBB5005477AF /* Base */ = {isa = PBXFileReference; lastKnownFileType = file.storyboard; name = Base; path = Base.lproj/LaunchScreen.storyboard; sourceTree = "<group>"; };
		3A931DE32580FBB5005477AF /* Info.plist */ = {isa = PBXFileReference; lastKnownFileType = text.plist.xml; path = Info.plist; sourceTree = "<group>"; };
		3A931DEA2580FF2D005477AF /* SegmentViewController.swift */ = {isa = PBXFileReference; lastKnownFileType = sourcecode.swift; path = SegmentViewController.swift; sourceTree = "<group>"; };
		3A931DF62581058B005477AF /* Pods_VibrateDemo.framework */ = {isa = PBXFileReference; explicitFileType = wrapper.framework; path = Pods_VibrateDemo.framework; sourceTree = BUILT_PRODUCTS_DIR; };
		3A931DF9258106A8005477AF /* HapticsViewController.swift */ = {isa = PBXFileReference; lastKnownFileType = sourcecode.swift; path = HapticsViewController.swift; sourceTree = "<group>"; };
		3A931DFC258106BE005477AF /* SystemSoundViewController.swift */ = {isa = PBXFileReference; lastKnownFileType = sourcecode.swift; path = SystemSoundViewController.swift; sourceTree = "<group>"; };
		3A931E122582438D005477AF /* CollectionCell.swift */ = {isa = PBXFileReference; lastKnownFileType = sourcecode.swift; path = CollectionCell.swift; sourceTree = "<group>"; };
		3A931E1A25833DA5005477AF /* HeaderView.swift */ = {isa = PBXFileReference; lastKnownFileType = sourcecode.swift; path = HeaderView.swift; sourceTree = "<group>"; };
		963B7B44611CDCB5126BE117 /* Pods-VibrateDemo.release.xcconfig */ = {isa = PBXFileReference; includeInIndex = 1; lastKnownFileType = text.xcconfig; name = "Pods-VibrateDemo.release.xcconfig"; path = "Target Support Files/Pods-VibrateDemo/Pods-VibrateDemo.release.xcconfig"; sourceTree = "<group>"; };
		C449DE1352BD2217C833A5B9 /* Pods-VibrateDemo.debug.xcconfig */ = {isa = PBXFileReference; includeInIndex = 1; lastKnownFileType = text.xcconfig; name = "Pods-VibrateDemo.debug.xcconfig"; path = "Target Support Files/Pods-VibrateDemo/Pods-VibrateDemo.debug.xcconfig"; sourceTree = "<group>"; };
/* End PBXFileReference section */

/* Begin PBXFrameworksBuildPhase section */
		3A931DCF2580FBB3005477AF /* Frameworks */ = {
			isa = PBXFrameworksBuildPhase;
			buildActionMask = 2147483647;
			files = (
				3A931DF72581058B005477AF /* Pods_VibrateDemo.framework in Frameworks */,
			);
			runOnlyForDeploymentPostprocessing = 0;
		};
/* End PBXFrameworksBuildPhase section */

/* Begin PBXGroup section */
		3A931DC92580FBB3005477AF = {
			isa = PBXGroup;
			children = (
				3A931DD42580FBB3005477AF /* VibrateDemo */,
				3A931DD32580FBB3005477AF /* Products */,
				3B59800B75A74FD704510DE0 /* Pods */,
				DC0C31E04279FD948FF5A864 /* Frameworks */,
			);
			sourceTree = "<group>";
		};
		3A931DD32580FBB3005477AF /* Products */ = {
			isa = PBXGroup;
			children = (
				3A931DD22580FBB3005477AF /* VibrateDemo.app */,
			);
			name = Products;
			sourceTree = "<group>";
		};
		3A931DD42580FBB3005477AF /* VibrateDemo */ = {
			isa = PBXGroup;
			children = (
				3A931DD52580FBB3005477AF /* AppDelegate.swift */,
				3A931DD72580FBB3005477AF /* SceneDelegate.swift */,
				3A931DEA2580FF2D005477AF /* SegmentViewController.swift */,
				3A931DF9258106A8005477AF /* HapticsViewController.swift */,
				3A931DFC258106BE005477AF /* SystemSoundViewController.swift */,
				3A931E122582438D005477AF /* CollectionCell.swift */,
				3A931E1A25833DA5005477AF /* HeaderView.swift */,
				3A931DDB2580FBB3005477AF /* Main.storyboard */,
				3A931DDE2580FBB5005477AF /* Assets.xcassets */,
				3A931DE02580FBB5005477AF /* LaunchScreen.storyboard */,
				3A931DE32580FBB5005477AF /* Info.plist */,
			);
			path = VibrateDemo;
			sourceTree = "<group>";
		};
		3B59800B75A74FD704510DE0 /* Pods */ = {
			isa = PBXGroup;
			children = (
				C449DE1352BD2217C833A5B9 /* Pods-VibrateDemo.debug.xcconfig */,
				963B7B44611CDCB5126BE117 /* Pods-VibrateDemo.release.xcconfig */,
			);
			path = Pods;
			sourceTree = "<group>";
		};
		DC0C31E04279FD948FF5A864 /* Frameworks */ = {
			isa = PBXGroup;
			children = (
				3A931DF62581058B005477AF /* Pods_VibrateDemo.framework */,
				05D77B5BA9DD92C438F63F67 /* Pods_VibrateDemo.framework */,
			);
			name = Frameworks;
			sourceTree = "<group>";
		};
/* End PBXGroup section */

/* Begin PBXNativeTarget section */
		3A931DD12580FBB3005477AF /* VibrateDemo */ = {
			isa = PBXNativeTarget;
			buildConfigurationList = 3A931DE62580FBB5005477AF /* Build configuration list for PBXNativeTarget "VibrateDemo" */;
			buildPhases = (
				256E8C04BA2B4CBD3D5BDDB2 /* [CP] Check Pods Manifest.lock */,
				3A931DCE2580FBB3005477AF /* Sources */,
				3A931DCF2580FBB3005477AF /* Frameworks */,
				3A931DD02580FBB3005477AF /* Resources */,
				7F89E6771177BCBCBEC37F11 /* [CP] Embed Pods Frameworks */,
			);
			buildRules = (
			);
			dependencies = (
			);
			name = VibrateDemo;
			productName = VibrateDemo;
			productReference = 3A931DD22580FBB3005477AF /* VibrateDemo.app */;
			productType = "com.apple.product-type.application";
		};
/* End PBXNativeTarget section */

/* Begin PBXProject section */
		3A931DCA2580FBB3005477AF /* Project object */ = {
			isa = PBXProject;
			attributes = {
				LastSwiftUpdateCheck = 1200;
				LastUpgradeCheck = 1200;
				TargetAttributes = {
					3A931DD12580FBB3005477AF = {
						CreatedOnToolsVersion = 12.0;
					};
				};
			};
			buildConfigurationList = 3A931DCD2580FBB3005477AF /* Build configuration list for PBXProject "VibrateDemo" */;
			compatibilityVersion = "Xcode 9.3";
			developmentRegion = en;
			hasScannedForEncodings = 0;
			knownRegions = (
				en,
				Base,
			);
			mainGroup = 3A931DC92580FBB3005477AF;
			productRefGroup = 3A931DD32580FBB3005477AF /* Products */;
			projectDirPath = "";
			projectRoot = "";
			targets = (
				3A931DD12580FBB3005477AF /* VibrateDemo */,
			);
		};
/* End PBXProject section */

/* Begin PBXResourcesBuildPhase section */
		3A931DD02580FBB3005477AF /* Resources */ = {
			isa = PBXResourcesBuildPhase;
			buildActionMask = 2147483647;
			files = (
				3A931DE22580FBB5005477AF /* LaunchScreen.storyboard in Resources */,
				3A931DDF2580FBB5005477AF /* Assets.xcassets in Resources */,
				3A931DDD2580FBB3005477AF /* Main.storyboard in Resources */,
			);
			runOnlyForDeploymentPostprocessing = 0;
		};
/* End PBXResourcesBuildPhase section */

/* Begin PBXShellScriptBuildPhase section */
		256E8C04BA2B4CBD3D5BDDB2 /* [CP] Check Pods Manifest.lock */ = {
			isa = PBXShellScriptBuildPhase;
			buildActionMask = 2147483647;
			files = (
			);
			inputFileListPaths = (
			);
			inputPaths = (
				"${PODS_PODFILE_DIR_PATH}/Podfile.lock",
				"${PODS_ROOT}/Manifest.lock",
			);
			name = "[CP] Check Pods Manifest.lock";
			outputFileListPaths = (
			);
			outputPaths = (
				"$(DERIVED_FILE_DIR)/Pods-VibrateDemo-checkManifestLockResult.txt",
			);
			runOnlyForDeploymentPostprocessing = 0;
			shellPath = /bin/sh;
			shellScript = "diff \"${PODS_PODFILE_DIR_PATH}/Podfile.lock\" \"${PODS_ROOT}/Manifest.lock\" > /dev/null\nif [ $? != 0 ] ; then\n    # print error to STDERR\n    echo \"error: The sandbox is not in sync with the Podfile.lock. Run 'pod install' or update your CocoaPods installation.\" >&2\n    exit 1\nfi\n# This output is used by Xcode 'outputs' to avoid re-running this script phase.\necho \"SUCCESS\" > \"${SCRIPT_OUTPUT_FILE_0}\"\n";
			showEnvVarsInLog = 0;
		};
		7F89E6771177BCBCBEC37F11 /* [CP] Embed Pods Frameworks */ = {
			isa = PBXShellScriptBuildPhase;
			buildActionMask = 2147483647;
			files = (
			);
			inputFileListPaths = (
				"${PODS_ROOT}/Target Support Files/Pods-VibrateDemo/Pods-VibrateDemo-frameworks-${CONFIGURATION}-input-files.xcfilelist",
			);
			name = "[CP] Embed Pods Frameworks";
			outputFileListPaths = (
				"${PODS_ROOT}/Target Support Files/Pods-VibrateDemo/Pods-VibrateDemo-frameworks-${CONFIGURATION}-output-files.xcfilelist",
			);
			runOnlyForDeploymentPostprocessing = 0;
			shellPath = /bin/sh;
			shellScript = "\"${PODS_ROOT}/Target Support Files/Pods-VibrateDemo/Pods-VibrateDemo-frameworks.sh\"\n";
			showEnvVarsInLog = 0;
		};
/* End PBXShellScriptBuildPhase section */

/* Begin PBXSourcesBuildPhase section */
		3A931DCE2580FBB3005477AF /* Sources */ = {
			isa = PBXSourcesBuildPhase;
			buildActionMask = 2147483647;
			files = (
				3A931DEB2580FF2D005477AF /* SegmentViewController.swift in Sources */,
				3A931DFD258106BE005477AF /* SystemSoundViewController.swift in Sources */,
				3A931DD62580FBB3005477AF /* AppDelegate.swift in Sources */,
				3A931E132582438D005477AF /* CollectionCell.swift in Sources */,
				3A931DD82580FBB3005477AF /* SceneDelegate.swift in Sources */,
				3A931DFA258106A8005477AF /* HapticsViewController.swift in Sources */,
				3A931E1B25833DA5005477AF /* HeaderView.swift in Sources */,
			);
			runOnlyForDeploymentPostprocessing = 0;
		};
/* End PBXSourcesBuildPhase section */

/* Begin PBXVariantGroup section */
		3A931DDB2580FBB3005477AF /* Main.storyboard */ = {
			isa = PBXVariantGroup;
			children = (
				3A931DDC2580FBB3005477AF /* Base */,
			);
			name = Main.storyboard;
			sourceTree = "<group>";
		};
		3A931DE02580FBB5005477AF /* LaunchScreen.storyboard */ = {
			isa = PBXVariantGroup;
			children = (
				3A931DE12580FBB5005477AF /* Base */,
			);
			name = LaunchScreen.storyboard;
			sourceTree = "<group>";
		};
/* End PBXVariantGroup section */

/* Begin XCBuildConfiguration section */
		3A931DE42580FBB5005477AF /* Debug */ = {
			isa = XCBuildConfiguration;
			buildSettings = {
				ALWAYS_SEARCH_USER_PATHS = NO;
				CLANG_ANALYZER_NONNULL = YES;
				CLANG_ANALYZER_NUMBER_OBJECT_CONVERSION = YES_AGGRESSIVE;
				CLANG_CXX_LANGUAGE_STANDARD = "gnu++14";
				CLANG_CXX_LIBRARY = "libc++";
				CLANG_ENABLE_MODULES = YES;
				CLANG_ENABLE_OBJC_ARC = YES;
				CLANG_ENABLE_OBJC_WEAK = YES;
				CLANG_WARN_BLOCK_CAPTURE_AUTORELEASING = YES;
				CLANG_WARN_BOOL_CONVERSION = YES;
				CLANG_WARN_COMMA = YES;
				CLANG_WARN_CONSTANT_CONVERSION = YES;
				CLANG_WARN_DEPRECATED_OBJC_IMPLEMENTATIONS = YES;
				CLANG_WARN_DIRECT_OBJC_ISA_USAGE = YES_ERROR;
				CLANG_WARN_DOCUMENTATION_COMMENTS = YES;
				CLANG_WARN_EMPTY_BODY = YES;
				CLANG_WARN_ENUM_CONVERSION = YES;
				CLANG_WARN_INFINITE_RECURSION = YES;
				CLANG_WARN_INT_CONVERSION = YES;
				CLANG_WARN_NON_LITERAL_NULL_CONVERSION = YES;
				CLANG_WARN_OBJC_IMPLICIT_RETAIN_SELF = YES;
				CLANG_WARN_OBJC_LITERAL_CONVERSION = YES;
				CLANG_WARN_OBJC_ROOT_CLASS = YES_ERROR;
				CLANG_WARN_QUOTED_INCLUDE_IN_FRAMEWORK_HEADER = YES;
				CLANG_WARN_RANGE_LOOP_ANALYSIS = YES;
				CLANG_WARN_STRICT_PROTOTYPES = YES;
				CLANG_WARN_SUSPICIOUS_MOVE = YES;
				CLANG_WARN_UNGUARDED_AVAILABILITY = YES_AGGRESSIVE;
				CLANG_WARN_UNREACHABLE_CODE = YES;
				CLANG_WARN__DUPLICATE_METHOD_MATCH = YES;
				COPY_PHASE_STRIP = NO;
				DEBUG_INFORMATION_FORMAT = dwarf;
				ENABLE_STRICT_OBJC_MSGSEND = YES;
				ENABLE_TESTABILITY = YES;
				GCC_C_LANGUAGE_STANDARD = gnu11;
				GCC_DYNAMIC_NO_PIC = NO;
				GCC_NO_COMMON_BLOCKS = YES;
				GCC_OPTIMIZATION_LEVEL = 0;
				GCC_PREPROCESSOR_DEFINITIONS = (
					"DEBUG=1",
					"$(inherited)",
				);
				GCC_WARN_64_TO_32_BIT_CONVERSION = YES;
				GCC_WARN_ABOUT_RETURN_TYPE = YES_ERROR;
				GCC_WARN_UNDECLARED_SELECTOR = YES;
				GCC_WARN_UNINITIALIZED_AUTOS = YES_AGGRESSIVE;
				GCC_WARN_UNUSED_FUNCTION = YES;
				GCC_WARN_UNUSED_VARIABLE = YES;
				IPHONEOS_DEPLOYMENT_TARGET = 14.0;
				MTL_ENABLE_DEBUG_INFO = INCLUDE_SOURCE;
				MTL_FAST_MATH = YES;
				ONLY_ACTIVE_ARCH = YES;
				SDKROOT = iphoneos;
				SWIFT_ACTIVE_COMPILATION_CONDITIONS = DEBUG;
				SWIFT_OPTIMIZATION_LEVEL = "-Onone";
			};
			name = Debug;
		};
		3A931DE52580FBB5005477AF /* Release */ = {
			isa = XCBuildConfiguration;
			buildSettings = {
				ALWAYS_SEARCH_USER_PATHS = NO;
				CLANG_ANALYZER_NONNULL = YES;
				CLANG_ANALYZER_NUMBER_OBJECT_CONVERSION = YES_AGGRESSIVE;
				CLANG_CXX_LANGUAGE_STANDARD = "gnu++14";
				CLANG_CXX_LIBRARY = "libc++";
				CLANG_ENABLE_MODULES = YES;
				CLANG_ENABLE_OBJC_ARC = YES;
				CLANG_ENABLE_OBJC_WEAK = YES;
				CLANG_WARN_BLOCK_CAPTURE_AUTORELEASING = YES;
				CLANG_WARN_BOOL_CONVERSION = YES;
				CLANG_WARN_COMMA = YES;
				CLANG_WARN_CONSTANT_CONVERSION = YES;
				CLANG_WARN_DEPRECATED_OBJC_IMPLEMENTATIONS = YES;
				CLANG_WARN_DIRECT_OBJC_ISA_USAGE = YES_ERROR;
				CLANG_WARN_DOCUMENTATION_COMMENTS = YES;
				CLANG_WARN_EMPTY_BODY = YES;
				CLANG_WARN_ENUM_CONVERSION = YES;
				CLANG_WARN_INFINITE_RECURSION = YES;
				CLANG_WARN_INT_CONVERSION = YES;
				CLANG_WARN_NON_LITERAL_NULL_CONVERSION = YES;
				CLANG_WARN_OBJC_IMPLICIT_RETAIN_SELF = YES;
				CLANG_WARN_OBJC_LITERAL_CONVERSION = YES;
				CLANG_WARN_OBJC_ROOT_CLASS = YES_ERROR;
				CLANG_WARN_QUOTED_INCLUDE_IN_FRAMEWORK_HEADER = YES;
				CLANG_WARN_RANGE_LOOP_ANALYSIS = YES;
				CLANG_WARN_STRICT_PROTOTYPES = YES;
				CLANG_WARN_SUSPICIOUS_MOVE = YES;
				CLANG_WARN_UNGUARDED_AVAILABILITY = YES_AGGRESSIVE;
				CLANG_WARN_UNREACHABLE_CODE = YES;
				CLANG_WARN__DUPLICATE_METHOD_MATCH = YES;
				COPY_PHASE_STRIP = NO;
				DEBUG_INFORMATION_FORMAT = "dwarf-with-dsym";
				ENABLE_NS_ASSERTIONS = NO;
				ENABLE_STRICT_OBJC_MSGSEND = YES;
				GCC_C_LANGUAGE_STANDARD = gnu11;
				GCC_NO_COMMON_BLOCKS = YES;
				GCC_WARN_64_TO_32_BIT_CONVERSION = YES;
				GCC_WARN_ABOUT_RETURN_TYPE = YES_ERROR;
				GCC_WARN_UNDECLARED_SELECTOR = YES;
				GCC_WARN_UNINITIALIZED_AUTOS = YES_AGGRESSIVE;
				GCC_WARN_UNUSED_FUNCTION = YES;
				GCC_WARN_UNUSED_VARIABLE = YES;
				IPHONEOS_DEPLOYMENT_TARGET = 14.0;
				MTL_ENABLE_DEBUG_INFO = NO;
				MTL_FAST_MATH = YES;
				SDKROOT = iphoneos;
				SWIFT_COMPILATION_MODE = wholemodule;
				SWIFT_OPTIMIZATION_LEVEL = "-O";
				VALIDATE_PRODUCT = YES;
			};
			name = Release;
		};
		3A931DE72580FBB5005477AF /* Debug */ = {
			isa = XCBuildConfiguration;
			baseConfigurationReference = C449DE1352BD2217C833A5B9 /* Pods-VibrateDemo.debug.xcconfig */;
			buildSettings = {
				ASSETCATALOG_COMPILER_APPICON_NAME = AppIcon;
				ASSETCATALOG_COMPILER_GLOBAL_ACCENT_COLOR_NAME = AccentColor;
				CODE_SIGN_STYLE = Automatic;
				DEVELOPMENT_TEAM = NFLSYRSGK7;
				INFOPLIST_FILE = VibrateDemo/Info.plist;
				LD_RUNPATH_SEARCH_PATHS = (
					"$(inherited)",
					"@executable_path/Frameworks",
				);
				PRODUCT_BUNDLE_IDENTIFIER = darkgm.VibrateDemo;
				PRODUCT_NAME = "$(TARGET_NAME)";
				SWIFT_VERSION = 5.0;
				TARGETED_DEVICE_FAMILY = "1,2";
			};
			name = Debug;
		};
		3A931DE82580FBB5005477AF /* Release */ = {
			isa = XCBuildConfiguration;
			baseConfigurationReference = 963B7B44611CDCB5126BE117 /* Pods-VibrateDemo.release.xcconfig */;
			buildSettings = {
				ASSETCATALOG_COMPILER_APPICON_NAME = AppIcon;
				ASSETCATALOG_COMPILER_GLOBAL_ACCENT_COLOR_NAME = AccentColor;
				CODE_SIGN_STYLE = Automatic;
				DEVELOPMENT_TEAM = NFLSYRSGK7;
				INFOPLIST_FILE = VibrateDemo/Info.plist;
				LD_RUNPATH_SEARCH_PATHS = (
					"$(inherited)",
					"@executable_path/Frameworks",
				);
				PRODUCT_BUNDLE_IDENTIFIER = darkgm.VibrateDemo;
				PRODUCT_NAME = "$(TARGET_NAME)";
				SWIFT_VERSION = 5.0;
				TARGETED_DEVICE_FAMILY = "1,2";
			};
			name = Release;
		};
/* End XCBuildConfiguration section */

/* Begin XCConfigurationList section */
		3A931DCD2580FBB3005477AF /* Build configuration list for PBXProject "VibrateDemo" */ = {
			isa = XCConfigurationList;
			buildConfigurations = (
				3A931DE42580FBB5005477AF /* Debug */,
				3A931DE52580FBB5005477AF /* Release */,
			);
			defaultConfigurationIsVisible = 0;
			defaultConfigurationName = Release;
		};
		3A931DE62580FBB5005477AF /* Build configuration list for PBXNativeTarget "VibrateDemo" */ = {
			isa = XCConfigurationList;
			buildConfigurations = (
				3A931DE72580FBB5005477AF /* Debug */,
				3A931DE82580FBB5005477AF /* Release */,
			);
			defaultConfigurationIsVisible = 0;
			defaultConfigurationName = Release;
		};
/* End XCConfigurationList section */
	};
	rootObject = 3A931DCA2580FBB3005477AF /* Project object */;
}
