PODS:
  - IQKeyboardManagerSwift (6.5.6)
  - SnapKit (4.2.0)

DEPENDENCIES:
  - IQKeyboardManagerSwift
  - SnapKit

SPEC REPOS:
  trunk:
    - IQKeyboardManagerSwift
    - SnapKit

SPEC CHECKSUMS:
  IQKeyboardManagerSwift: c7df9d2deb356c04522f5c4b7b6e4ce4d8ed94fe
  SnapKit: fe8a619752f3f27075cc9a90244d75c6c3f27e2a

PODFILE CHECKSUM: ba79f3e99e448c383d7e369ec0a7326e08f374c5

COCOAPODS: 1.9.3
